{
  "name": "insert-generator",
  "requires": true,
  "lockfileVersion": 1,
  "dependencies": {
    "jscolor-picker": {
      "version": "2.0.4",
      "resolved": "https://registry.npmjs.org/jscolor-picker/-/jscolor-picker-2.0.4.tgz",
      "integrity": "sha1-T+rJKX9ERCyJpWiN5Mz2hfGaBrQ="
    }
  }
}
